
Microsoft Visual Studio Solution File, Format Version 12.00
# Visual Studio 14
VisualStudioVersion = 14.0.25420.1
MinimumVisualStudioVersion = 10.0.40219.1
Project("{FAE04EC0-301F-11D3-BF4B-00C04F79EFBC}") = "HalloWin2", "HalloWin2\HalloWin2.csproj", "{89BA47EE-D047-4107-84AD-5E744DA062B4}"
EndProject
Project("{FAE04EC0-301F-11D3-BF4B-00C04F79EFBC}") = "Leeftijd", "Leeftijd\Leeftijd.csproj", "{91591E05-0C09-4E72-A106-157A7CDEC469}"
EndProject
Project("{FAE04EC0-301F-11D3-BF4B-00C04F79EFBC}") = "Button Testing", "Button Testing\Button Testing.csproj", "{551D7AD3-ED99-487B-BF18-7248B40FE2A5}"
EndProject
Project("{FAE04EC0-301F-11D3-BF4B-00C04F79EFBC}") = "Smiley", "Smiley\Smiley.csproj", "{A782F419-5C1C-4D5A-843E-7E0722BC703F}"
EndProject
Project("{FAE04EC0-301F-11D3-BF4B-00C04F79EFBC}") = "Smiley-Kopie", "Smiley-Kopie\Smiley-Kopie.csproj", "{7D4B6A13-011C-452C-A8E7-F13440527736}"
EndProject
Project("{FAE04EC0-301F-11D3-BF4B-00C04F79EFBC}") = "Smiley-Final", "Smiley-Final\Smiley-Final.csproj", "{A5097319-BBE4-42B1-B5B0-11964D21C240}"
EndProject
Project("{FAE04EC0-301F-11D3-BF4B-00C04F79EFBC}") = "test", "test\test.csproj", "{672FC5F4-7BC9-4C37-8CC6-1A706EF24412}"
EndProject
Project("{FAE04EC0-301F-11D3-BF4B-00C04F79EFBC}") = "Studennr Check", "ConsoleApplication1\Studennr Check.csproj", "{1E062E76-A46F-44E8-BC7E-03A085C70122}"
EndProject
Project("{FAE04EC0-301F-11D3-BF4B-00C04F79EFBC}") = "Moving Smiley", "Moving Smiley\Moving Smiley.csproj", "{AA37AC65-B946-475A-81D7-5FAC5379B0A9}"
EndProject
Project("{2150E333-8FDC-42A3-9474-1A3956D46DE8}") = "Practicum Imp", "Practicum Imp", "{6C436734-2738-4117-9503-E247290EC887}"
EndProject
Project("{2150E333-8FDC-42A3-9474-1A3956D46DE8}") = "Practicum 1", "Practicum 1", "{DCF767E8-CBB6-4D4B-BE5E-97361E0D2FC4}"
EndProject
Project("{FAE04EC0-301F-11D3-BF4B-00C04F79EFBC}") = "FormsTest", "FormsTest\FormsTest.csproj", "{6D3C0C55-94C2-4C2D-982F-2D4D0E0EA0AE}"
EndProject
Global
	GlobalSection(SolutionConfigurationPlatforms) = preSolution
		Debug|Any CPU = Debug|Any CPU
		Debug|x86 = Debug|x86
		Release|Any CPU = Release|Any CPU
		Release|x86 = Release|x86
	EndGlobalSection
	GlobalSection(ProjectConfigurationPlatforms) = postSolution
		{89BA47EE-D047-4107-84AD-5E744DA062B4}.Debug|Any CPU.ActiveCfg = Debug|Any CPU
		{89BA47EE-D047-4107-84AD-5E744DA062B4}.Debug|Any CPU.Build.0 = Debug|Any CPU
		{89BA47EE-D047-4107-84AD-5E744DA062B4}.Debug|x86.ActiveCfg = Debug|Any CPU
		{89BA47EE-D047-4107-84AD-5E744DA062B4}.Debug|x86.Build.0 = Debug|Any CPU
		{89BA47EE-D047-4107-84AD-5E744DA062B4}.Release|Any CPU.ActiveCfg = Release|Any CPU
		{89BA47EE-D047-4107-84AD-5E744DA062B4}.Release|Any CPU.Build.0 = Release|Any CPU
		{89BA47EE-D047-4107-84AD-5E744DA062B4}.Release|x86.ActiveCfg = Release|Any CPU
		{89BA47EE-D047-4107-84AD-5E744DA062B4}.Release|x86.Build.0 = Release|Any CPU
		{91591E05-0C09-4E72-A106-157A7CDEC469}.Debug|Any CPU.ActiveCfg = Debug|Any CPU
		{91591E05-0C09-4E72-A106-157A7CDEC469}.Debug|Any CPU.Build.0 = Debug|Any CPU
		{91591E05-0C09-4E72-A106-157A7CDEC469}.Debug|x86.ActiveCfg = Debug|Any CPU
		{91591E05-0C09-4E72-A106-157A7CDEC469}.Debug|x86.Build.0 = Debug|Any CPU
		{91591E05-0C09-4E72-A106-157A7CDEC469}.Release|Any CPU.ActiveCfg = Release|Any CPU
		{91591E05-0C09-4E72-A106-157A7CDEC469}.Release|Any CPU.Build.0 = Release|Any CPU
		{91591E05-0C09-4E72-A106-157A7CDEC469}.Release|x86.ActiveCfg = Release|Any CPU
		{91591E05-0C09-4E72-A106-157A7CDEC469}.Release|x86.Build.0 = Release|Any CPU
		{551D7AD3-ED99-487B-BF18-7248B40FE2A5}.Debug|Any CPU.ActiveCfg = Debug|Any CPU
		{551D7AD3-ED99-487B-BF18-7248B40FE2A5}.Debug|Any CPU.Build.0 = Debug|Any CPU
		{551D7AD3-ED99-487B-BF18-7248B40FE2A5}.Debug|x86.ActiveCfg = Debug|Any CPU
		{551D7AD3-ED99-487B-BF18-7248B40FE2A5}.Debug|x86.Build.0 = Debug|Any CPU
		{551D7AD3-ED99-487B-BF18-7248B40FE2A5}.Release|Any CPU.ActiveCfg = Release|Any CPU
		{551D7AD3-ED99-487B-BF18-7248B40FE2A5}.Release|Any CPU.Build.0 = Release|Any CPU
		{551D7AD3-ED99-487B-BF18-7248B40FE2A5}.Release|x86.ActiveCfg = Release|Any CPU
		{551D7AD3-ED99-487B-BF18-7248B40FE2A5}.Release|x86.Build.0 = Release|Any CPU
		{A782F419-5C1C-4D5A-843E-7E0722BC703F}.Debug|Any CPU.ActiveCfg = Debug|x86
		{A782F419-5C1C-4D5A-843E-7E0722BC703F}.Debug|Any CPU.Build.0 = Debug|x86
		{A782F419-5C1C-4D5A-843E-7E0722BC703F}.Debug|x86.ActiveCfg = Debug|x86
		{A782F419-5C1C-4D5A-843E-7E0722BC703F}.Debug|x86.Build.0 = Debug|x86
		{A782F419-5C1C-4D5A-843E-7E0722BC703F}.Release|Any CPU.ActiveCfg = Release|x86
		{A782F419-5C1C-4D5A-843E-7E0722BC703F}.Release|x86.ActiveCfg = Release|x86
		{A782F419-5C1C-4D5A-843E-7E0722BC703F}.Release|x86.Build.0 = Release|x86
		{7D4B6A13-011C-452C-A8E7-F13440527736}.Debug|Any CPU.ActiveCfg = Debug|x86
		{7D4B6A13-011C-452C-A8E7-F13440527736}.Debug|Any CPU.Build.0 = Debug|x86
		{7D4B6A13-011C-452C-A8E7-F13440527736}.Debug|x86.ActiveCfg = Debug|x86
		{7D4B6A13-011C-452C-A8E7-F13440527736}.Debug|x86.Build.0 = Debug|x86
		{7D4B6A13-011C-452C-A8E7-F13440527736}.Release|Any CPU.ActiveCfg = Release|x86
		{7D4B6A13-011C-452C-A8E7-F13440527736}.Release|x86.ActiveCfg = Release|x86
		{7D4B6A13-011C-452C-A8E7-F13440527736}.Release|x86.Build.0 = Release|x86
		{A5097319-BBE4-42B1-B5B0-11964D21C240}.Debug|Any CPU.ActiveCfg = Debug|Any CPU
		{A5097319-BBE4-42B1-B5B0-11964D21C240}.Debug|Any CPU.Build.0 = Debug|Any CPU
		{A5097319-BBE4-42B1-B5B0-11964D21C240}.Debug|x86.ActiveCfg = Debug|Any CPU
		{A5097319-BBE4-42B1-B5B0-11964D21C240}.Debug|x86.Build.0 = Debug|Any CPU
		{A5097319-BBE4-42B1-B5B0-11964D21C240}.Release|Any CPU.ActiveCfg = Release|Any CPU
		{A5097319-BBE4-42B1-B5B0-11964D21C240}.Release|Any CPU.Build.0 = Release|Any CPU
		{A5097319-BBE4-42B1-B5B0-11964D21C240}.Release|x86.ActiveCfg = Release|Any CPU
		{A5097319-BBE4-42B1-B5B0-11964D21C240}.Release|x86.Build.0 = Release|Any CPU
		{672FC5F4-7BC9-4C37-8CC6-1A706EF24412}.Debug|Any CPU.ActiveCfg = Debug|Any CPU
		{672FC5F4-7BC9-4C37-8CC6-1A706EF24412}.Debug|Any CPU.Build.0 = Debug|Any CPU
		{672FC5F4-7BC9-4C37-8CC6-1A706EF24412}.Debug|x86.ActiveCfg = Debug|Any CPU
		{672FC5F4-7BC9-4C37-8CC6-1A706EF24412}.Debug|x86.Build.0 = Debug|Any CPU
		{672FC5F4-7BC9-4C37-8CC6-1A706EF24412}.Release|Any CPU.ActiveCfg = Release|Any CPU
		{672FC5F4-7BC9-4C37-8CC6-1A706EF24412}.Release|Any CPU.Build.0 = Release|Any CPU
		{672FC5F4-7BC9-4C37-8CC6-1A706EF24412}.Release|x86.ActiveCfg = Release|Any CPU
		{672FC5F4-7BC9-4C37-8CC6-1A706EF24412}.Release|x86.Build.0 = Release|Any CPU
		{1E062E76-A46F-44E8-BC7E-03A085C70122}.Debug|Any CPU.ActiveCfg = Debug|Any CPU
		{1E062E76-A46F-44E8-BC7E-03A085C70122}.Debug|Any CPU.Build.0 = Debug|Any CPU
		{1E062E76-A46F-44E8-BC7E-03A085C70122}.Debug|x86.ActiveCfg = Debug|Any CPU
		{1E062E76-A46F-44E8-BC7E-03A085C70122}.Debug|x86.Build.0 = Debug|Any CPU
		{1E062E76-A46F-44E8-BC7E-03A085C70122}.Release|Any CPU.ActiveCfg = Release|Any CPU
		{1E062E76-A46F-44E8-BC7E-03A085C70122}.Release|Any CPU.Build.0 = Release|Any CPU
		{1E062E76-A46F-44E8-BC7E-03A085C70122}.Release|x86.ActiveCfg = Release|Any CPU
		{1E062E76-A46F-44E8-BC7E-03A085C70122}.Release|x86.Build.0 = Release|Any CPU
		{AA37AC65-B946-475A-81D7-5FAC5379B0A9}.Debug|Any CPU.ActiveCfg = Debug|Any CPU
		{AA37AC65-B946-475A-81D7-5FAC5379B0A9}.Debug|Any CPU.Build.0 = Debug|Any CPU
		{AA37AC65-B946-475A-81D7-5FAC5379B0A9}.Debug|x86.ActiveCfg = Debug|Any CPU
		{AA37AC65-B946-475A-81D7-5FAC5379B0A9}.Debug|x86.Build.0 = Debug|Any CPU
		{AA37AC65-B946-475A-81D7-5FAC5379B0A9}.Release|Any CPU.ActiveCfg = Release|Any CPU
		{AA37AC65-B946-475A-81D7-5FAC5379B0A9}.Release|Any CPU.Build.0 = Release|Any CPU
		{AA37AC65-B946-475A-81D7-5FAC5379B0A9}.Release|x86.ActiveCfg = Release|Any CPU
		{AA37AC65-B946-475A-81D7-5FAC5379B0A9}.Release|x86.Build.0 = Release|Any CPU
		{6D3C0C55-94C2-4C2D-982F-2D4D0E0EA0AE}.Debug|Any CPU.ActiveCfg = Debug|Any CPU
		{6D3C0C55-94C2-4C2D-982F-2D4D0E0EA0AE}.Debug|Any CPU.Build.0 = Debug|Any CPU
		{6D3C0C55-94C2-4C2D-982F-2D4D0E0EA0AE}.Debug|x86.ActiveCfg = Debug|Any CPU
		{6D3C0C55-94C2-4C2D-982F-2D4D0E0EA0AE}.Debug|x86.Build.0 = Debug|Any CPU
		{6D3C0C55-94C2-4C2D-982F-2D4D0E0EA0AE}.Release|Any CPU.ActiveCfg = Release|Any CPU
		{6D3C0C55-94C2-4C2D-982F-2D4D0E0EA0AE}.Release|Any CPU.Build.0 = Release|Any CPU
		{6D3C0C55-94C2-4C2D-982F-2D4D0E0EA0AE}.Release|x86.ActiveCfg = Release|Any CPU
		{6D3C0C55-94C2-4C2D-982F-2D4D0E0EA0AE}.Release|x86.Build.0 = Release|Any CPU
	EndGlobalSection
	GlobalSection(SolutionProperties) = preSolution
		HideSolutionNode = FALSE
	EndGlobalSection
	GlobalSection(NestedProjects) = preSolution
		{89BA47EE-D047-4107-84AD-5E744DA062B4} = {DCF767E8-CBB6-4D4B-BE5E-97361E0D2FC4}
		{91591E05-0C09-4E72-A106-157A7CDEC469} = {DCF767E8-CBB6-4D4B-BE5E-97361E0D2FC4}
		{551D7AD3-ED99-487B-BF18-7248B40FE2A5} = {DCF767E8-CBB6-4D4B-BE5E-97361E0D2FC4}
		{A782F419-5C1C-4D5A-843E-7E0722BC703F} = {DCF767E8-CBB6-4D4B-BE5E-97361E0D2FC4}
		{7D4B6A13-011C-452C-A8E7-F13440527736} = {DCF767E8-CBB6-4D4B-BE5E-97361E0D2FC4}
		{A5097319-BBE4-42B1-B5B0-11964D21C240} = {DCF767E8-CBB6-4D4B-BE5E-97361E0D2FC4}
		{672FC5F4-7BC9-4C37-8CC6-1A706EF24412} = {DCF767E8-CBB6-4D4B-BE5E-97361E0D2FC4}
		{1E062E76-A46F-44E8-BC7E-03A085C70122} = {DCF767E8-CBB6-4D4B-BE5E-97361E0D2FC4}
		{AA37AC65-B946-475A-81D7-5FAC5379B0A9} = {DCF767E8-CBB6-4D4B-BE5E-97361E0D2FC4}
		{DCF767E8-CBB6-4D4B-BE5E-97361E0D2FC4} = {6C436734-2738-4117-9503-E247290EC887}
		{6D3C0C55-94C2-4C2D-982F-2D4D0E0EA0AE} = {DCF767E8-CBB6-4D4B-BE5E-97361E0D2FC4}
	EndGlobalSection
EndGlobal
