
Microsoft Visual Studio Solution File, Format Version 12.00
# Visual Studio 14
VisualStudioVersion = 14.0.25420.1
MinimumVisualStudioVersion = 10.0.40219.1
Project("{FAE04EC0-301F-11D3-BF4B-00C04F79EFBC}") = "HalloWin2", "HalloWin2\HalloWin2.csproj", "{89BA47EE-D047-4107-84AD-5E744DA062B4}"
EndProject
Project("{FAE04EC0-301F-11D3-BF4B-00C04F79EFBC}") = "Leeftijd", "Leeftijd\Leeftijd.csproj", "{91591E05-0C09-4E72-A106-157A7CDEC469}"
EndProject
Project("{FAE04EC0-301F-11D3-BF4B-00C04F79EFBC}") = "WindowsFormsApplication1", "WindowsFormsApplication1\WindowsFormsApplication1.csproj", "{D7E41FD5-A5A0-4C3F-8533-4F91618E22EC}"
EndProject
Project("{FAE04EC0-301F-11D3-BF4B-00C04F79EFBC}") = "Button Testing", "Button Testing\Button Testing.csproj", "{551D7AD3-ED99-487B-BF18-7248B40FE2A5}"
EndProject
Project("{FAE04EC0-301F-11D3-BF4B-00C04F79EFBC}") = "Smiley", "Smiley\Smiley.csproj", "{A782F419-5C1C-4D5A-843E-7E0722BC703F}"
EndProject
Project("{FAE04EC0-301F-11D3-BF4B-00C04F79EFBC}") = "Smiley-Kopie", "Smiley-Kopie\Smiley-Kopie.csproj", "{7D4B6A13-011C-452C-A8E7-F13440527736}"
EndProject
Global
	GlobalSection(SolutionConfigurationPlatforms) = preSolution
		Debug|Any CPU = Debug|Any CPU
		Debug|x86 = Debug|x86
		Release|Any CPU = Release|Any CPU
		Release|x86 = Release|x86
	EndGlobalSection
	GlobalSection(ProjectConfigurationPlatforms) = postSolution
		{89BA47EE-D047-4107-84AD-5E744DA062B4}.Debug|Any CPU.ActiveCfg = Debug|Any CPU
		{89BA47EE-D047-4107-84AD-5E744DA062B4}.Debug|Any CPU.Build.0 = Debug|Any CPU
		{89BA47EE-D047-4107-84AD-5E744DA062B4}.Debug|x86.ActiveCfg = Debug|Any CPU
		{89BA47EE-D047-4107-84AD-5E744DA062B4}.Debug|x86.Build.0 = Debug|Any CPU
		{89BA47EE-D047-4107-84AD-5E744DA062B4}.Release|Any CPU.ActiveCfg = Release|Any CPU
		{89BA47EE-D047-4107-84AD-5E744DA062B4}.Release|Any CPU.Build.0 = Release|Any CPU
		{89BA47EE-D047-4107-84AD-5E744DA062B4}.Release|x86.ActiveCfg = Release|Any CPU
		{89BA47EE-D047-4107-84AD-5E744DA062B4}.Release|x86.Build.0 = Release|Any CPU
		{91591E05-0C09-4E72-A106-157A7CDEC469}.Debug|Any CPU.ActiveCfg = Debug|Any CPU
		{91591E05-0C09-4E72-A106-157A7CDEC469}.Debug|Any CPU.Build.0 = Debug|Any CPU
		{91591E05-0C09-4E72-A106-157A7CDEC469}.Debug|x86.ActiveCfg = Debug|Any CPU
		{91591E05-0C09-4E72-A106-157A7CDEC469}.Debug|x86.Build.0 = Debug|Any CPU
		{91591E05-0C09-4E72-A106-157A7CDEC469}.Release|Any CPU.ActiveCfg = Release|Any CPU
		{91591E05-0C09-4E72-A106-157A7CDEC469}.Release|Any CPU.Build.0 = Release|Any CPU
		{91591E05-0C09-4E72-A106-157A7CDEC469}.Release|x86.ActiveCfg = Release|Any CPU
		{91591E05-0C09-4E72-A106-157A7CDEC469}.Release|x86.Build.0 = Release|Any CPU
		{D7E41FD5-A5A0-4C3F-8533-4F91618E22EC}.Debug|Any CPU.ActiveCfg = Debug|Any CPU
		{D7E41FD5-A5A0-4C3F-8533-4F91618E22EC}.Debug|Any CPU.Build.0 = Debug|Any CPU
		{D7E41FD5-A5A0-4C3F-8533-4F91618E22EC}.Debug|x86.ActiveCfg = Debug|Any CPU
		{D7E41FD5-A5A0-4C3F-8533-4F91618E22EC}.Debug|x86.Build.0 = Debug|Any CPU
		{D7E41FD5-A5A0-4C3F-8533-4F91618E22EC}.Release|Any CPU.ActiveCfg = Release|Any CPU
		{D7E41FD5-A5A0-4C3F-8533-4F91618E22EC}.Release|Any CPU.Build.0 = Release|Any CPU
		{D7E41FD5-A5A0-4C3F-8533-4F91618E22EC}.Release|x86.ActiveCfg = Release|Any CPU
		{D7E41FD5-A5A0-4C3F-8533-4F91618E22EC}.Release|x86.Build.0 = Release|Any CPU
		{551D7AD3-ED99-487B-BF18-7248B40FE2A5}.Debug|Any CPU.ActiveCfg = Debug|Any CPU
		{551D7AD3-ED99-487B-BF18-7248B40FE2A5}.Debug|Any CPU.Build.0 = Debug|Any CPU
		{551D7AD3-ED99-487B-BF18-7248B40FE2A5}.Debug|x86.ActiveCfg = Debug|Any CPU
		{551D7AD3-ED99-487B-BF18-7248B40FE2A5}.Debug|x86.Build.0 = Debug|Any CPU
		{551D7AD3-ED99-487B-BF18-7248B40FE2A5}.Release|Any CPU.ActiveCfg = Release|Any CPU
		{551D7AD3-ED99-487B-BF18-7248B40FE2A5}.Release|Any CPU.Build.0 = Release|Any CPU
		{551D7AD3-ED99-487B-BF18-7248B40FE2A5}.Release|x86.ActiveCfg = Release|Any CPU
		{551D7AD3-ED99-487B-BF18-7248B40FE2A5}.Release|x86.Build.0 = Release|Any CPU
		{A782F419-5C1C-4D5A-843E-7E0722BC703F}.Debug|Any CPU.ActiveCfg = Debug|x86
		{A782F419-5C1C-4D5A-843E-7E0722BC703F}.Debug|Any CPU.Build.0 = Debug|x86
		{A782F419-5C1C-4D5A-843E-7E0722BC703F}.Debug|x86.ActiveCfg = Debug|x86
		{A782F419-5C1C-4D5A-843E-7E0722BC703F}.Debug|x86.Build.0 = Debug|x86
		{A782F419-5C1C-4D5A-843E-7E0722BC703F}.Release|Any CPU.ActiveCfg = Release|x86
		{A782F419-5C1C-4D5A-843E-7E0722BC703F}.Release|x86.ActiveCfg = Release|x86
		{A782F419-5C1C-4D5A-843E-7E0722BC703F}.Release|x86.Build.0 = Release|x86
		{7D4B6A13-011C-452C-A8E7-F13440527736}.Debug|Any CPU.ActiveCfg = Debug|x86
		{7D4B6A13-011C-452C-A8E7-F13440527736}.Debug|Any CPU.Build.0 = Debug|x86
		{7D4B6A13-011C-452C-A8E7-F13440527736}.Debug|x86.ActiveCfg = Debug|x86
		{7D4B6A13-011C-452C-A8E7-F13440527736}.Debug|x86.Build.0 = Debug|x86
		{7D4B6A13-011C-452C-A8E7-F13440527736}.Release|Any CPU.ActiveCfg = Release|x86
		{7D4B6A13-011C-452C-A8E7-F13440527736}.Release|x86.ActiveCfg = Release|x86
		{7D4B6A13-011C-452C-A8E7-F13440527736}.Release|x86.Build.0 = Release|x86
	EndGlobalSection
	GlobalSection(SolutionProperties) = preSolution
		HideSolutionNode = FALSE
	EndGlobalSection
EndGlobal
